{
  "name": "rsbuild-vanilla-ts",
  "version": "1.0.0",
  "lockfileVersion": 3,
  "requires": true,
  "packages": {
    "": {
      "name": "rsbuild-vanilla-ts",
      "version": "1.0.0",
      "dependencies": {
        "penpal": "^7.0.1"
      },
      "devDependencies": {
        "@rsbuild/core": "^1.2.4",
        "prettier": "^3.5.1",
        "typescript": "^5.7.3"
      }
    },
    "node_modules/@module-federation/error-codes": {
      "version": "0.8.4",
      "resolved": "https://registry.npmjs.org/@module-federation/error-codes/-/error-codes-0.8.4.tgz",
      "integrity": "sha512-55LYmrDdKb4jt+qr8qE8U3al62ZANp3FhfVaNPOaAmdTh0jHdD8M3yf5HKFlr5xVkVO4eV/F/J2NCfpbh+pEXQ==",
      "dev": true,
      "license": "MIT"
    },
    "node_modules/@module-federation/runtime": {
      "version": "0.8.4",
      "resolved": "https://registry.npmjs.org/@module-federation/runtime/-/runtime-0.8.4.tgz",
      "integrity": "sha512-yZeZ7z2Rx4gv/0E97oLTF3V6N25vglmwXGgoeju/W2YjsFvWzVtCDI7zRRb0mJhU6+jmSM8jP1DeQGbea/AiZQ==",
      "dev": true,
      "license": "MIT",
      "dependencies": {
        "@module-federation/error-codes": "0.8.4",
        "@module-federation/sdk": "0.8.4"
      }
    },
    "node_modules/@module-federation/runtime-tools": {
      "version": "0.8.4",
      "resolved": "https://registry.npmjs.org/@module-federation/runtime-tools/-/runtime-tools-0.8.4.tgz",
      "integrity": "sha512-fjVOsItJ1u5YY6E9FnS56UDwZgqEQUrWFnouRiPtK123LUuqUI9FH4redZoKWlE1PB0ir1Z3tnqy8eFYzPO38Q==",
      "dev": true,
      "license": "MIT",
      "dependencies": {
        "@module-federation/runtime": "0.8.4",
        "@module-federation/webpack-bundler-runtime": "0.8.4"
      }
    },
    "node_modules/@module-federation/sdk": {
      "version": "0.8.4",
      "resolved": "https://registry.npmjs.org/@module-federation/sdk/-/sdk-0.8.4.tgz",
      "integrity": "sha512-waABomIjg/5m1rPDBWYG4KUhS5r7OUUY7S+avpaVIY/tkPWB3ibRDKy2dNLLAMaLKq0u+B1qIdEp4NIWkqhqpg==",
      "dev": true,
      "license": "MIT",
      "dependencies": {
        "isomorphic-rslog": "0.0.6"
      }
    },
    "node_modules/@module-federation/webpack-bundler-runtime": {
      "version": "0.8.4",
      "resolved": "https://registry.npmjs.org/@module-federation/webpack-bundler-runtime/-/webpack-bundler-runtime-0.8.4.tgz",
      "integrity": "sha512-HggROJhvHPUX7uqBD/XlajGygMNM1DG0+4OAkk8MBQe4a18QzrRNzZt6XQbRTSG4OaEoyRWhQHvYD3Yps405tQ==",
      "dev": true,
      "license": "MIT",
      "dependencies": {
        "@module-federation/runtime": "0.8.4",
        "@module-federation/sdk": "0.8.4"
      }
    },
    "node_modules/@rsbuild/core": {
      "version": "1.2.8",
      "resolved": "https://registry.npmjs.org/@rsbuild/core/-/core-1.2.8.tgz",
      "integrity": "sha512-I5cPKnJxkc+K552x17s2BlSs2Ox8bauoWPpy8mPtW7xwT3h9pprPO6zsMPkj/TJhkGLmeJ1bcVxf6NcrP/jWSA==",
      "dev": true,
      "license": "MIT",
      "dependencies": {
        "@rspack/core": "1.2.3",
        "@rspack/lite-tapable": "~1.0.1",
        "@swc/helpers": "^0.5.15",
        "core-js": "~3.40.0"
      },
      "bin": {
        "rsbuild": "bin/rsbuild.js"
      },
      "engines": {
        "node": ">=16.7.0"
      }
    },
    "node_modules/@rspack/binding": {
      "version": "1.2.3",
      "resolved": "https://registry.npmjs.org/@rspack/binding/-/binding-1.2.3.tgz",
      "integrity": "sha512-enpOXZPQOJO800wdWcR7H5Dx5UZfwkaT0D0xsHD53WbpI09Z2KJbLX7I/i1FLLy3K1KQTB+2FIHLVdRikasXZA==",
      "dev": true,
      "license": "MIT",
      "optionalDependencies": {
        "@rspack/binding-darwin-arm64": "1.2.3",
        "@rspack/binding-darwin-x64": "1.2.3",
        "@rspack/binding-linux-arm64-gnu": "1.2.3",
        "@rspack/binding-linux-arm64-musl": "1.2.3",
        "@rspack/binding-linux-x64-gnu": "1.2.3",
        "@rspack/binding-linux-x64-musl": "1.2.3",
        "@rspack/binding-win32-arm64-msvc": "1.2.3",
        "@rspack/binding-win32-ia32-msvc": "1.2.3",
        "@rspack/binding-win32-x64-msvc": "1.2.3"
      }
    },
    "node_modules/@rspack/binding-darwin-arm64": {
      "version": "1.2.3",
      "resolved": "https://registry.npmjs.org/@rspack/binding-darwin-arm64/-/binding-darwin-arm64-1.2.3.tgz",
      "integrity": "sha512-xuwYzhPgNCr4BtKXCU3xe4249TFsXAZglIlbxv8Qs3PeIarrZMRddcqH2zUXi+nJavNw3yN12sCYEzk1f+O4FQ==",
      "cpu": [
        "arm64"
      ],
      "dev": true,
      "license": "MIT",
      "optional": true,
      "os": [
        "darwin"
      ]
    },
    "node_modules/@rspack/binding-darwin-x64": {
      "version": "1.2.3",
      "resolved": "https://registry.npmjs.org/@rspack/binding-darwin-x64/-/binding-darwin-x64-1.2.3.tgz",
      "integrity": "sha512-afiIN8elcrO2EtO27UN0qyZqu5FXGUdclud56DrhvEfnWS3GGxJEdjA8XUYVXkfCYakdXHucIJKlkkgaAjEvHg==",
      "cpu": [
        "x64"
      ],
      "dev": true,
      "license": "MIT",
      "optional": true,
      "os": [
        "darwin"
      ]
    },
    "node_modules/@rspack/binding-linux-arm64-gnu": {
      "version": "1.2.3",
      "resolved": "https://registry.npmjs.org/@rspack/binding-linux-arm64-gnu/-/binding-linux-arm64-gnu-1.2.3.tgz",
      "integrity": "sha512-K2u/fPUmKujlKSWL3q2zaUu8/6ZK/bOGKcqJSib8jdanQQ/GFKwKtPAFOOa/vvqbzhDocqKOobFR10FhgJqCHg==",
      "cpu": [
        "arm64"
      ],
      "dev": true,
      "license": "MIT",
      "optional": true,
      "os": [
        "linux"
      ]
    },
    "node_modules/@rspack/binding-linux-arm64-musl": {
      "version": "1.2.3",
      "resolved": "https://registry.npmjs.org/@rspack/binding-linux-arm64-musl/-/binding-linux-arm64-musl-1.2.3.tgz",
      "integrity": "sha512-mgovdzGb6cH9hQsjTyzDbfZWCPhTcoHcLro1P7UbiqcLPMDJp/k3Io9xV2/EJhaDA1aynIdq7XfY0fuk4+6Irw==",
      "cpu": [
        "arm64"
      ],
      "dev": true,
      "license": "MIT",
      "optional": true,
      "os": [
        "linux"
      ]
    },
    "node_modules/@rspack/binding-linux-x64-gnu": {
      "version": "1.2.3",
      "resolved": "https://registry.npmjs.org/@rspack/binding-linux-x64-gnu/-/binding-linux-x64-gnu-1.2.3.tgz",
      "integrity": "sha512-542lwJzB1RMGuVdBdA3cOWTlmL9okpOppHUBWcNCjmJM+9zTI+0jwjVe8HaqOqtuR8XzNsoCwT9QonU/GLcuhg==",
      "cpu": [
        "x64"
      ],
      "dev": true,
      "license": "MIT",
      "optional": true,
      "os": [
        "linux"
      ]
    },
    "node_modules/@rspack/binding-linux-x64-musl": {
      "version": "1.2.3",
      "resolved": "https://registry.npmjs.org/@rspack/binding-linux-x64-musl/-/binding-linux-x64-musl-1.2.3.tgz",
      "integrity": "sha512-dJromiREDcTWqzfCOI5y1IVoYmUnCv7vCp63AEq0+13fJJdk7+pcNN3VV2jOKpk9VECSvjg1c01wl+UzXAXFMw==",
      "cpu": [
        "x64"
      ],
      "dev": true,
      "license": "MIT",
      "optional": true,
      "os": [
        "linux"
      ]
    },
    "node_modules/@rspack/binding-win32-arm64-msvc": {
      "version": "1.2.3",
      "resolved": "https://registry.npmjs.org/@rspack/binding-win32-arm64-msvc/-/binding-win32-arm64-msvc-1.2.3.tgz",
      "integrity": "sha512-S8ZKddMMQDGy8jx/R0i2m1XrmfY2CpI+t6lIEpsuZuKUR4MbOGKN2DuL4MDnT3m8JaYvC8ihsvQjBXQCy3SNxQ==",
      "cpu": [
        "arm64"
      ],
      "dev": true,
      "license": "MIT",
      "optional": true,
      "os": [
        "win32"
      ]
    },
    "node_modules/@rspack/binding-win32-ia32-msvc": {
      "version": "1.2.3",
      "resolved": "https://registry.npmjs.org/@rspack/binding-win32-ia32-msvc/-/binding-win32-ia32-msvc-1.2.3.tgz",
      "integrity": "sha512-74lqSMKQJcJcgfFaxm+G9YVJSl2KK9/v4fRoMsWApztNy2qNgee+UguNBCOU6JLa3rVSj8Z5OVVDtJkGFrSvVg==",
      "cpu": [
        "ia32"
      ],
      "dev": true,
      "license": "MIT",
      "optional": true,
      "os": [
        "win32"
      ]
    },
    "node_modules/@rspack/binding-win32-x64-msvc": {
      "version": "1.2.3",
      "resolved": "https://registry.npmjs.org/@rspack/binding-win32-x64-msvc/-/binding-win32-x64-msvc-1.2.3.tgz",
      "integrity": "sha512-fcU532PgFdd5Bil8jwQW0Dcb/80oM6V0qSstGIxZ4M77t4t8e/PcukXfORTL71FfNQ64Rd4Dp6XRl1NHNJVxeg==",
      "cpu": [
        "x64"
      ],
      "dev": true,
      "license": "MIT",
      "optional": true,
      "os": [
        "win32"
      ]
    },
    "node_modules/@rspack/core": {
      "version": "1.2.3",
      "resolved": "https://registry.npmjs.org/@rspack/core/-/core-1.2.3.tgz",
      "integrity": "sha512-BFgdUYf05/hjjY9Nlwq8DpWaRJN5w2kTl8ZJi20SRL60oAx+ZD2ABT+fsPhBiFSmfTZDdvGGIq5e3vfRzoIuqg==",
      "dev": true,
      "license": "MIT",
      "dependencies": {
        "@module-federation/runtime-tools": "0.8.4",
        "@rspack/binding": "1.2.3",
        "@rspack/lite-tapable": "1.0.1",
        "caniuse-lite": "^1.0.30001616"
      },
      "engines": {
        "node": ">=16.0.0"
      },
      "peerDependencies": {
        "@rspack/tracing": "^1.x",
        "@swc/helpers": ">=0.5.1"
      },
      "peerDependenciesMeta": {
        "@rspack/tracing": {
          "optional": true
        },
        "@swc/helpers": {
          "optional": true
        }
      }
    },
    "node_modules/@rspack/lite-tapable": {
      "version": "1.0.1",
      "resolved": "https://registry.npmjs.org/@rspack/lite-tapable/-/lite-tapable-1.0.1.tgz",
      "integrity": "sha512-VynGOEsVw2s8TAlLf/uESfrgfrq2+rcXB1muPJYBWbsm1Oa6r5qVQhjA5ggM6z/coYPrsVMgovl3Ff7Q7OCp1w==",
      "dev": true,
      "license": "MIT",
      "engines": {
        "node": ">=16.0.0"
      }
    },
    "node_modules/@swc/helpers": {
      "version": "0.5.15",
      "resolved": "https://registry.npmjs.org/@swc/helpers/-/helpers-0.5.15.tgz",
      "integrity": "sha512-JQ5TuMi45Owi4/BIMAJBoSQoOJu12oOk/gADqlcUL9JEdHB8vyjUSsxqeNXnmXHjYKMi2WcYtezGEEhqUI/E2g==",
      "dev": true,
      "license": "Apache-2.0",
      "dependencies": {
        "tslib": "^2.8.0"
      }
    },
    "node_modules/caniuse-lite": {
      "version": "1.0.30001700",
      "resolved": "https://registry.npmjs.org/caniuse-lite/-/caniuse-lite-1.0.30001700.tgz",
      "integrity": "sha512-2S6XIXwaE7K7erT8dY+kLQcpa5ms63XlRkMkReXjle+kf6c5g38vyMl+Z5y8dSxOFDhcFe+nxnn261PLxBSQsQ==",
      "dev": true,
      "funding": [
        {
          "type": "opencollective",
          "url": "https://opencollective.com/browserslist"
        },
        {
          "type": "tidelift",
          "url": "https://tidelift.com/funding/github/npm/caniuse-lite"
        },
        {
          "type": "github",
          "url": "https://github.com/sponsors/ai"
        }
      ],
      "license": "CC-BY-4.0"
    },
    "node_modules/core-js": {
      "version": "3.40.0",
      "resolved": "https://registry.npmjs.org/core-js/-/core-js-3.40.0.tgz",
      "integrity": "sha512-7vsMc/Lty6AGnn7uFpYT56QesI5D2Y/UkgKounk87OP9Z2H9Z8kj6jzcSGAxFmUtDOS0ntK6lbQz+Nsa0Jj6mQ==",
      "dev": true,
      "hasInstallScript": true,
      "license": "MIT",
      "funding": {
        "type": "opencollective",
        "url": "https://opencollective.com/core-js"
      }
    },
    "node_modules/isomorphic-rslog": {
      "version": "0.0.6",
      "resolved": "https://registry.npmjs.org/isomorphic-rslog/-/isomorphic-rslog-0.0.6.tgz",
      "integrity": "sha512-HM0q6XqQ93psDlqvuViNs/Ea3hAyGDkIdVAHlrEocjjAwGrs1fZ+EdQjS9eUPacnYB7Y8SoDdSY3H8p3ce205A==",
      "dev": true,
      "license": "MIT",
      "engines": {
        "node": ">=14.17.6"
      }
    },
    "node_modules/penpal": {
      "version": "7.0.1",
      "resolved": "https://registry.npmjs.org/penpal/-/penpal-7.0.1.tgz",
      "integrity": "sha512-DRjpZBr2Ad3WQbI1CF8H2PoPxn653LyI/CG2Kzsra/QX6nQXzKNyyodNw6txwp7WVZbZsA7goESYBAeUXyD7qg==",
      "license": "MIT"
    },
    "node_modules/prettier": {
      "version": "3.5.1",
      "resolved": "https://registry.npmjs.org/prettier/-/prettier-3.5.1.tgz",
      "integrity": "sha512-hPpFQvHwL3Qv5AdRvBFMhnKo4tYxp0ReXiPn2bxkiohEX6mBeBwEpBSQTkD458RaaDKQMYSp4hX4UtfUTA5wDw==",
      "dev": true,
      "license": "MIT",
      "bin": {
        "prettier": "bin/prettier.cjs"
      },
      "engines": {
        "node": ">=14"
      },
      "funding": {
        "url": "https://github.com/prettier/prettier?sponsor=1"
      }
    },
    "node_modules/tslib": {
      "version": "2.8.1",
      "resolved": "https://registry.npmjs.org/tslib/-/tslib-2.8.1.tgz",
      "integrity": "sha512-oJFu94HQb+KVduSUQL7wnpmqnfmLsOA/nAh6b6EH0wCEoK0/mPeXU6c3wKDV83MkOuHPRHtSXKKU99IBazS/2w==",
      "dev": true,
      "license": "0BSD"
    },
    "node_modules/typescript": {
      "version": "5.7.3",
      "resolved": "https://registry.npmjs.org/typescript/-/typescript-5.7.3.tgz",
      "integrity": "sha512-84MVSjMEHP+FQRPy3pX9sTVV/INIex71s9TL2Gm5FG/WG1SqXeKyZ0k7/blY/4FdOzI12CBy1vGc4og/eus0fw==",
      "dev": true,
      "license": "Apache-2.0",
      "bin": {
        "tsc": "bin/tsc",
        "tsserver": "bin/tsserver"
      },
      "engines": {
        "node": ">=14.17"
      }
    }
  }
}
